
Microsoft Visual Studio Solution File, Format Version 12.00
# Visual Studio Version 16
VisualStudioVersion = 16.0.29911.84
MinimumVisualStudioVersion = 10.0.40219.1
Project("{FAE04EC0-301F-11D3-BF4B-00C04F79EFBC}") = "הכנה למבחן", "הכנה למבחן\הכנה למבחן.csproj", "{AFA8FA0F-0711-416B-B03B-1E43AFFA501D}"
EndProject
Global
	GlobalSection(SolutionConfigurationPlatforms) = preSolution
		Debug|Any CPU = Debug|Any CPU
		Release|Any CPU = Release|Any CPU
	EndGlobalSection
	GlobalSection(ProjectConfigurationPlatforms) = postSolution
		{AFA8FA0F-0711-416B-B03B-1E43AFFA501D}.Debug|Any CPU.ActiveCfg = Debug|Any CPU
		{AFA8FA0F-0711-416B-B03B-1E43AFFA501D}.Debug|Any CPU.Build.0 = Debug|Any CPU
		{AFA8FA0F-0711-416B-B03B-1E43AFFA501D}.Release|Any CPU.ActiveCfg = Release|Any CPU
		{AFA8FA0F-0711-416B-B03B-1E43AFFA501D}.Release|Any CPU.Build.0 = Release|Any CPU
	EndGlobalSection
	GlobalSection(SolutionProperties) = preSolution
		HideSolutionNode = FALSE
	EndGlobalSection
	GlobalSection(ExtensibilityGlobals) = postSolution
		SolutionGuid = {75EF0DF7-6904-4919-8929-4AD77004FF2B}
	EndGlobalSection
EndGlobal
