
Microsoft Visual Studio Solution File, Format Version 12.00
# Visual Studio Version 16
VisualStudioVersion = 16.0.29102.190
MinimumVisualStudioVersion = 10.0.40219.1
Project("{FAE04EC0-301F-11D3-BF4B-00C04F79EFBC}") = "p184-185 ex4-10", "p184-185 ex4-10\p184-185 ex4-10.csproj", "{DBF3DC0F-B477-4194-A943-03FBFCD9BFD9}"
EndProject
Global
	GlobalSection(SolutionConfigurationPlatforms) = preSolution
		Debug|Any CPU = Debug|Any CPU
		Release|Any CPU = Release|Any CPU
	EndGlobalSection
	GlobalSection(ProjectConfigurationPlatforms) = postSolution
		{DBF3DC0F-B477-4194-A943-03FBFCD9BFD9}.Debug|Any CPU.ActiveCfg = Debug|Any CPU
		{DBF3DC0F-B477-4194-A943-03FBFCD9BFD9}.Debug|Any CPU.Build.0 = Debug|Any CPU
		{DBF3DC0F-B477-4194-A943-03FBFCD9BFD9}.Release|Any CPU.ActiveCfg = Release|Any CPU
		{DBF3DC0F-B477-4194-A943-03FBFCD9BFD9}.Release|Any CPU.Build.0 = Release|Any CPU
	EndGlobalSection
	GlobalSection(SolutionProperties) = preSolution
		HideSolutionNode = FALSE
	EndGlobalSection
	GlobalSection(ExtensibilityGlobals) = postSolution
		SolutionGuid = {8D16BE18-50E8-450F-BAE3-D2AEC2B1B374}
	EndGlobalSection
EndGlobal
