
Microsoft Visual Studio Solution File, Format Version 12.00
# Visual Studio Version 16
VisualStudioVersion = 16.0.29911.84
MinimumVisualStudioVersion = 10.0.40219.1
Project("{FAE04EC0-301F-11D3-BF4B-00C04F79EFBC}") = "p26 ex3-13", "p26 ex3-13\p26 ex3-13.csproj", "{ED230692-8041-4849-B588-54C20CD3C141}"
EndProject
Global
	GlobalSection(SolutionConfigurationPlatforms) = preSolution
		Debug|Any CPU = Debug|Any CPU
		Release|Any CPU = Release|Any CPU
	EndGlobalSection
	GlobalSection(ProjectConfigurationPlatforms) = postSolution
		{ED230692-8041-4849-B588-54C20CD3C141}.Debug|Any CPU.ActiveCfg = Debug|Any CPU
		{ED230692-8041-4849-B588-54C20CD3C141}.Debug|Any CPU.Build.0 = Debug|Any CPU
		{ED230692-8041-4849-B588-54C20CD3C141}.Release|Any CPU.ActiveCfg = Release|Any CPU
		{ED230692-8041-4849-B588-54C20CD3C141}.Release|Any CPU.Build.0 = Release|Any CPU
	EndGlobalSection
	GlobalSection(SolutionProperties) = preSolution
		HideSolutionNode = FALSE
	EndGlobalSection
	GlobalSection(ExtensibilityGlobals) = postSolution
		SolutionGuid = {4932E5F4-0481-4C5A-A74D-24A2ADE74DAC}
	EndGlobalSection
EndGlobal
