
Microsoft Visual Studio Solution File, Format Version 12.00
# Visual Studio Version 16
VisualStudioVersion = 16.0.29509.3
MinimumVisualStudioVersion = 10.0.40219.1
Project("{FAE04EC0-301F-11D3-BF4B-00C04F79EFBC}") = "למבחן מ'ב", "למבחן מ'ב\למבחן מ'ב.csproj", "{B87DE5AD-D668-4195-B524-F0A91CE769C8}"
EndProject
Global
	GlobalSection(SolutionConfigurationPlatforms) = preSolution
		Debug|Any CPU = Debug|Any CPU
		Release|Any CPU = Release|Any CPU
	EndGlobalSection
	GlobalSection(ProjectConfigurationPlatforms) = postSolution
		{B87DE5AD-D668-4195-B524-F0A91CE769C8}.Debug|Any CPU.ActiveCfg = Debug|Any CPU
		{B87DE5AD-D668-4195-B524-F0A91CE769C8}.Debug|Any CPU.Build.0 = Debug|Any CPU
		{B87DE5AD-D668-4195-B524-F0A91CE769C8}.Release|Any CPU.ActiveCfg = Release|Any CPU
		{B87DE5AD-D668-4195-B524-F0A91CE769C8}.Release|Any CPU.Build.0 = Release|Any CPU
	EndGlobalSection
	GlobalSection(SolutionProperties) = preSolution
		HideSolutionNode = FALSE
	EndGlobalSection
	GlobalSection(ExtensibilityGlobals) = postSolution
		SolutionGuid = {6D400CAF-2788-4B66-B8EC-695E79D07119}
	EndGlobalSection
EndGlobal
