
Microsoft Visual Studio Solution File, Format Version 12.00
# Visual Studio Version 16
VisualStudioVersion = 16.0.30621.155
MinimumVisualStudioVersion = 10.0.40219.1
Project("{FAE04EC0-301F-11D3-BF4B-00C04F79EFBC}") = "מרך דו הם רקוסיה", "מרך דו הם רקוסיה\מרך דו הם רקוסיה.csproj", "{EA0F1428-8776-46DB-B615-4A2168C0CB13}"
EndProject
Global
	GlobalSection(SolutionConfigurationPlatforms) = preSolution
		Debug|Any CPU = Debug|Any CPU
		Release|Any CPU = Release|Any CPU
	EndGlobalSection
	GlobalSection(ProjectConfigurationPlatforms) = postSolution
		{EA0F1428-8776-46DB-B615-4A2168C0CB13}.Debug|Any CPU.ActiveCfg = Debug|Any CPU
		{EA0F1428-8776-46DB-B615-4A2168C0CB13}.Debug|Any CPU.Build.0 = Debug|Any CPU
		{EA0F1428-8776-46DB-B615-4A2168C0CB13}.Release|Any CPU.ActiveCfg = Release|Any CPU
		{EA0F1428-8776-46DB-B615-4A2168C0CB13}.Release|Any CPU.Build.0 = Release|Any CPU
	EndGlobalSection
	GlobalSection(SolutionProperties) = preSolution
		HideSolutionNode = FALSE
	EndGlobalSection
	GlobalSection(ExtensibilityGlobals) = postSolution
		SolutionGuid = {17A8E065-B6B1-458A-B9D1-09075C6EE35C}
	EndGlobalSection
EndGlobal
