
Microsoft Visual Studio Solution File, Format Version 12.00
# Visual Studio Version 16
VisualStudioVersion = 16.0.29102.190
MinimumVisualStudioVersion = 10.0.40219.1
Project("{FAE04EC0-301F-11D3-BF4B-00C04F79EFBC}") = "p.117-118 ex11,13,14", "p.117-118 ex11,13,14\p.117-118 ex11,13,14.csproj", "{1866D75F-B809-4417-8855-03458226448C}"
EndProject
Global
	GlobalSection(SolutionConfigurationPlatforms) = preSolution
		Debug|Any CPU = Debug|Any CPU
		Release|Any CPU = Release|Any CPU
	EndGlobalSection
	GlobalSection(ProjectConfigurationPlatforms) = postSolution
		{1866D75F-B809-4417-8855-03458226448C}.Debug|Any CPU.ActiveCfg = Debug|Any CPU
		{1866D75F-B809-4417-8855-03458226448C}.Debug|Any CPU.Build.0 = Debug|Any CPU
		{1866D75F-B809-4417-8855-03458226448C}.Release|Any CPU.ActiveCfg = Release|Any CPU
		{1866D75F-B809-4417-8855-03458226448C}.Release|Any CPU.Build.0 = Release|Any CPU
	EndGlobalSection
	GlobalSection(SolutionProperties) = preSolution
		HideSolutionNode = FALSE
	EndGlobalSection
	GlobalSection(ExtensibilityGlobals) = postSolution
		SolutionGuid = {E14F9579-6BBF-4AE1-83F9-4DCAC599DD90}
	EndGlobalSection
EndGlobal
