
Microsoft Visual Studio Solution File, Format Version 12.00
# Visual Studio Version 16
VisualStudioVersion = 16.0.30621.155
MinimumVisualStudioVersion = 10.0.40219.1
Project("{FAE04EC0-301F-11D3-BF4B-00C04F79EFBC}") = "p76_ex14 (המקורי לפני התוספות שהוספתי)", "p76_ex14 (המקורי לפני התוספות שהוספתי)\p76_ex14 (המקורי לפני התוספות שהוספתי).csproj", "{CB9CA35C-990D-4109-B1E5-1DD68F84F9D8}"
EndProject
Global
	GlobalSection(SolutionConfigurationPlatforms) = preSolution
		Debug|Any CPU = Debug|Any CPU
		Release|Any CPU = Release|Any CPU
	EndGlobalSection
	GlobalSection(ProjectConfigurationPlatforms) = postSolution
		{CB9CA35C-990D-4109-B1E5-1DD68F84F9D8}.Debug|Any CPU.ActiveCfg = Debug|Any CPU
		{CB9CA35C-990D-4109-B1E5-1DD68F84F9D8}.Debug|Any CPU.Build.0 = Debug|Any CPU
		{CB9CA35C-990D-4109-B1E5-1DD68F84F9D8}.Release|Any CPU.ActiveCfg = Release|Any CPU
		{CB9CA35C-990D-4109-B1E5-1DD68F84F9D8}.Release|Any CPU.Build.0 = Release|Any CPU
	EndGlobalSection
	GlobalSection(SolutionProperties) = preSolution
		HideSolutionNode = FALSE
	EndGlobalSection
	GlobalSection(ExtensibilityGlobals) = postSolution
		SolutionGuid = {9AE04847-1ED7-4F16-AE6A-63C1648AFD78}
	EndGlobalSection
EndGlobal
