
Microsoft Visual Studio Solution File, Format Version 12.00
# Visual Studio Version 16
VisualStudioVersion = 16.0.31105.61
MinimumVisualStudioVersion = 10.0.40219.1
Project("{FAE04EC0-301F-11D3-BF4B-00C04F79EFBC}") = "899381בגרות תר5 מס", "899381בגרות תר5 מס\899381בגרות תר5 מס.csproj", "{BAEF1837-89F5-466A-8EC6-51D83C4D6224}"
EndProject
Global
	GlobalSection(SolutionConfigurationPlatforms) = preSolution
		Debug|Any CPU = Debug|Any CPU
		Release|Any CPU = Release|Any CPU
	EndGlobalSection
	GlobalSection(ProjectConfigurationPlatforms) = postSolution
		{BAEF1837-89F5-466A-8EC6-51D83C4D6224}.Debug|Any CPU.ActiveCfg = Debug|Any CPU
		{BAEF1837-89F5-466A-8EC6-51D83C4D6224}.Debug|Any CPU.Build.0 = Debug|Any CPU
		{BAEF1837-89F5-466A-8EC6-51D83C4D6224}.Release|Any CPU.ActiveCfg = Release|Any CPU
		{BAEF1837-89F5-466A-8EC6-51D83C4D6224}.Release|Any CPU.Build.0 = Release|Any CPU
	EndGlobalSection
	GlobalSection(SolutionProperties) = preSolution
		HideSolutionNode = FALSE
	EndGlobalSection
	GlobalSection(ExtensibilityGlobals) = postSolution
		SolutionGuid = {259FF168-CE68-45C2-9726-449B31EC0A48}
	EndGlobalSection
EndGlobal
