
Microsoft Visual Studio Solution File, Format Version 12.00
# Visual Studio Version 16
VisualStudioVersion = 16.0.30621.155
MinimumVisualStudioVersion = 10.0.40219.1
Project("{FAE04EC0-301F-11D3-BF4B-00C04F79EFBC}") = "p76 ex14", "p76 ex14\p76 ex14.csproj", "{9555CFDC-30E4-43C8-B2E3-16345D139CDA}"
EndProject
Project("{FAE04EC0-301F-11D3-BF4B-00C04F79EFBC}") = "p76_ex14 (המקורי לפני התוספות שהוספתי)", "C:\Users\User\source\repos\p76_ex14 (המקורי לפני התוספות שהוספתי).csproj", "{4F1ABE4E-4564-4889-987A-B2ED8A40A5DD}"
EndProject
Global
	GlobalSection(SolutionConfigurationPlatforms) = preSolution
		Debug|Any CPU = Debug|Any CPU
		Release|Any CPU = Release|Any CPU
	EndGlobalSection
	GlobalSection(ProjectConfigurationPlatforms) = postSolution
		{9555CFDC-30E4-43C8-B2E3-16345D139CDA}.Debug|Any CPU.ActiveCfg = Debug|Any CPU
		{9555CFDC-30E4-43C8-B2E3-16345D139CDA}.Debug|Any CPU.Build.0 = Debug|Any CPU
		{9555CFDC-30E4-43C8-B2E3-16345D139CDA}.Release|Any CPU.ActiveCfg = Release|Any CPU
		{9555CFDC-30E4-43C8-B2E3-16345D139CDA}.Release|Any CPU.Build.0 = Release|Any CPU
		{4F1ABE4E-4564-4889-987A-B2ED8A40A5DD}.Debug|Any CPU.ActiveCfg = Debug|Any CPU
		{4F1ABE4E-4564-4889-987A-B2ED8A40A5DD}.Debug|Any CPU.Build.0 = Debug|Any CPU
		{4F1ABE4E-4564-4889-987A-B2ED8A40A5DD}.Release|Any CPU.ActiveCfg = Release|Any CPU
		{4F1ABE4E-4564-4889-987A-B2ED8A40A5DD}.Release|Any CPU.Build.0 = Release|Any CPU
	EndGlobalSection
	GlobalSection(SolutionProperties) = preSolution
		HideSolutionNode = FALSE
	EndGlobalSection
	GlobalSection(ExtensibilityGlobals) = postSolution
		SolutionGuid = {3904D3A0-570E-4662-AE0B-C54E6F28F5F0}
	EndGlobalSection
EndGlobal
